
Microsoft Visual Studio Solution File, Format Version 12.00
# Visual Studio Version 17
VisualStudioVersion = 17.0.31903.59
MinimumVisualStudioVersion = 10.0.40219.1
Project("{2150E333-8FDC-42A3-9474-1A3956D46DE8}") = "src", "src", "{3AAE59CB-B9BC-41D0-9710-41739721AA2A}"
EndProject
Project("{FAE04EC0-301F-11D3-BF4B-00C04F79EFBC}") = "Legi.Identity.Domain", "src\Legi.Identity.Domain\Legi.Identity.Domain.csproj", "{4CD9A6C8-C1E9-40DC-BA3C-EF851FB725D6}"
EndProject
Project("{FAE04EC0-301F-11D3-BF4B-00C04F79EFBC}") = "Legi.Identity.Application", "src\Legi.Identity.Application\Legi.Identity.Application.csproj", "{CE9E2274-39CD-45B9-AD32-88FF9097CAFB}"
EndProject
Project("{FAE04EC0-301F-11D3-BF4B-00C04F79EFBC}") = "Legi.Identity.Api", "src\Legi.Identity.Api\Legi.Identity.Api.csproj", "{86C94AD5-F375-4D59-8870-849B84A0DF59}"
EndProject
Project("{FAE04EC0-301F-11D3-BF4B-00C04F79EFBC}") = "Legi.Identity.Infrastructure", "src\Legi.Identity.Infrastructure\Legi.Identity.Infrastructure.csproj", "{67049526-FDC5-4509-95C9-2C9CF188A0B7}"
EndProject
Project("{2150E333-8FDC-42A3-9474-1A3956D46DE8}") = "tests", "tests", "{C9B1000C-B716-4A3D-B19F-80AAFB64023A}"
EndProject
Project("{FAE04EC0-301F-11D3-BF4B-00C04F79EFBC}") = "Legi.Identity.Domain.Tests", "tests\Legi.Identity.Domain.Tests\Legi.Identity.Domain.Tests.csproj", "{FEDD6CA2-543E-4F65-953A-4BE48EF0535B}"
EndProject
Project("{FAE04EC0-301F-11D3-BF4B-00C04F79EFBC}") = "Legi.Identity.Application.Tests", "tests\Legi.Identity.Application.Tests\Legi.Identity.Application.Tests.csproj", "{773C5881-044F-40E6-81A9-398B2614F0A3}"
EndProject
Project("{2150E333-8FDC-42A3-9474-1A3956D46DE8}") = "Identity", "Identity", "{D43C695D-B60F-49C3-ACD0-48E98F065FA3}"
EndProject
Project("{2150E333-8FDC-42A3-9474-1A3956D46DE8}") = "Identity", "Identity", "{37C9FDC5-2938-47DD-A9E9-657EAF6805CC}"
EndProject
Project("{2150E333-8FDC-42A3-9474-1A3956D46DE8}") = "Catalog", "Catalog", "{F7FD67A7-16B2-40B4-A5EB-9B2CD0409BA7}"
EndProject
Project("{2150E333-8FDC-42A3-9474-1A3956D46DE8}") = "Library", "Library", "{9ED1B7EA-79CC-4B13-B1B9-726C55F0176E}"
EndProject
Project("{2150E333-8FDC-42A3-9474-1A3956D46DE8}") = "Social", "Social", "{FB488875-6402-4DCF-8B86-1AB06700013C}"
EndProject
Project("{2150E333-8FDC-42A3-9474-1A3956D46DE8}") = "Shared", "Shared", "{5E25601B-6C55-48D1-8B3D-D88C757AB063}"
EndProject
Project("{FAE04EC0-301F-11D3-BF4B-00C04F79EFBC}") = "Legi.Catalog.Api", "src\Legi.Catalog.Api\Legi.Catalog.Api.csproj", "{E2A76FCD-0D92-4975-915C-C6FBED1CD766}"
EndProject
Project("{FAE04EC0-301F-11D3-BF4B-00C04F79EFBC}") = "Legi.Catalog.Application", "src\Legi.Catalog.Application\Legi.Catalog.Application.csproj", "{47658935-F5FD-42D0-9D8C-DAB5647DF414}"
EndProject
Project("{FAE04EC0-301F-11D3-BF4B-00C04F79EFBC}") = "Legi.Catalog.Infrastructure", "src\Legi.Catalog.Infrastructure\Legi.Catalog.Infrastructure.csproj", "{9E977E2A-5264-4240-9201-3A81A786F91B}"
EndProject
Project("{FAE04EC0-301F-11D3-BF4B-00C04F79EFBC}") = "Legi.Catalog.Domain", "src\Legi.Catalog.Domain\Legi.Catalog.Domain.csproj", "{77CD5DE9-7BCC-4858-B405-7D69566E609A}"
EndProject
Project("{FAE04EC0-301F-11D3-BF4B-00C04F79EFBC}") = "Legi.SharedKernel", "src\Legi.SharedKernel\Legi.SharedKernel.csproj", "{E44212FE-6C2F-4DD9-AED2-548D6278B2AF}"
EndProject
Project("{FAE04EC0-301F-11D3-BF4B-00C04F79EFBC}") = "Legi.Catalog.Domain.Tests", "tests\Legi.Catalog.Domain.Tests\Legi.Catalog.Domain.Tests.csproj", "{EE98B4B6-73FB-4E2B-9930-4276DF8E0AEB}"
EndProject
Project("{FAE04EC0-301F-11D3-BF4B-00C04F79EFBC}") = "Legi.Catalog.Application.Tests", "tests\Legi.Catalog.Application.Tests\Legi.Catalog.Application.Tests.csproj", "{2BCF2E15-F184-4276-888A-A59C7486CA41}"
EndProject
Project("{FAE04EC0-301F-11D3-BF4B-00C04F79EFBC}") = "Legi.Library.Api", "src\Legi.Library.Api\Legi.Library.Api.csproj", "{70822D4E-9D31-4B4A-9CF9-1FE738C3CCDC}"
EndProject
Project("{FAE04EC0-301F-11D3-BF4B-00C04F79EFBC}") = "Legi.Library.Application", "src\Legi.Library.Application\Legi.Library.Application.csproj", "{95C35EC8-B2BD-48C8-B9CC-05217CBC872D}"
EndProject
Project("{FAE04EC0-301F-11D3-BF4B-00C04F79EFBC}") = "Legi.Library.Domain", "src\Legi.Library.Domain\Legi.Library.Domain.csproj", "{89131767-CCA1-407C-AC21-A0408AD4501C}"
EndProject
Project("{FAE04EC0-301F-11D3-BF4B-00C04F79EFBC}") = "Legi.Library.Infrastructure", "src\Legi.Library.Infrastructure\Legi.Library.Infrastructure.csproj", "{441CA717-CC04-459A-B94B-3E55EF628B05}"
EndProject
Global
	GlobalSection(SolutionConfigurationPlatforms) = preSolution
		Debug|Any CPU = Debug|Any CPU
		Release|Any CPU = Release|Any CPU
	EndGlobalSection
	GlobalSection(SolutionProperties) = preSolution
		HideSolutionNode = FALSE
	EndGlobalSection
	GlobalSection(ProjectConfigurationPlatforms) = postSolution
		{4CD9A6C8-C1E9-40DC-BA3C-EF851FB725D6}.Debug|Any CPU.ActiveCfg = Debug|Any CPU
		{4CD9A6C8-C1E9-40DC-BA3C-EF851FB725D6}.Debug|Any CPU.Build.0 = Debug|Any CPU
		{4CD9A6C8-C1E9-40DC-BA3C-EF851FB725D6}.Release|Any CPU.ActiveCfg = Release|Any CPU
		{4CD9A6C8-C1E9-40DC-BA3C-EF851FB725D6}.Release|Any CPU.Build.0 = Release|Any CPU
		{CE9E2274-39CD-45B9-AD32-88FF9097CAFB}.Debug|Any CPU.ActiveCfg = Debug|Any CPU
		{CE9E2274-39CD-45B9-AD32-88FF9097CAFB}.Debug|Any CPU.Build.0 = Debug|Any CPU
		{CE9E2274-39CD-45B9-AD32-88FF9097CAFB}.Release|Any CPU.ActiveCfg = Release|Any CPU
		{CE9E2274-39CD-45B9-AD32-88FF9097CAFB}.Release|Any CPU.Build.0 = Release|Any CPU
		{86C94AD5-F375-4D59-8870-849B84A0DF59}.Debug|Any CPU.ActiveCfg = Debug|Any CPU
		{86C94AD5-F375-4D59-8870-849B84A0DF59}.Debug|Any CPU.Build.0 = Debug|Any CPU
		{86C94AD5-F375-4D59-8870-849B84A0DF59}.Release|Any CPU.ActiveCfg = Release|Any CPU
		{86C94AD5-F375-4D59-8870-849B84A0DF59}.Release|Any CPU.Build.0 = Release|Any CPU
		{67049526-FDC5-4509-95C9-2C9CF188A0B7}.Debug|Any CPU.ActiveCfg = Debug|Any CPU
		{67049526-FDC5-4509-95C9-2C9CF188A0B7}.Debug|Any CPU.Build.0 = Debug|Any CPU
		{67049526-FDC5-4509-95C9-2C9CF188A0B7}.Release|Any CPU.ActiveCfg = Release|Any CPU
		{67049526-FDC5-4509-95C9-2C9CF188A0B7}.Release|Any CPU.Build.0 = Release|Any CPU
		{FEDD6CA2-543E-4F65-953A-4BE48EF0535B}.Debug|Any CPU.ActiveCfg = Debug|Any CPU
		{FEDD6CA2-543E-4F65-953A-4BE48EF0535B}.Debug|Any CPU.Build.0 = Debug|Any CPU
		{FEDD6CA2-543E-4F65-953A-4BE48EF0535B}.Release|Any CPU.ActiveCfg = Release|Any CPU
		{FEDD6CA2-543E-4F65-953A-4BE48EF0535B}.Release|Any CPU.Build.0 = Release|Any CPU
		{773C5881-044F-40E6-81A9-398B2614F0A3}.Debug|Any CPU.ActiveCfg = Debug|Any CPU
		{773C5881-044F-40E6-81A9-398B2614F0A3}.Debug|Any CPU.Build.0 = Debug|Any CPU
		{773C5881-044F-40E6-81A9-398B2614F0A3}.Release|Any CPU.ActiveCfg = Release|Any CPU
		{773C5881-044F-40E6-81A9-398B2614F0A3}.Release|Any CPU.Build.0 = Release|Any CPU
		{E2A76FCD-0D92-4975-915C-C6FBED1CD766}.Debug|Any CPU.ActiveCfg = Debug|Any CPU
		{E2A76FCD-0D92-4975-915C-C6FBED1CD766}.Debug|Any CPU.Build.0 = Debug|Any CPU
		{E2A76FCD-0D92-4975-915C-C6FBED1CD766}.Release|Any CPU.ActiveCfg = Release|Any CPU
		{E2A76FCD-0D92-4975-915C-C6FBED1CD766}.Release|Any CPU.Build.0 = Release|Any CPU
		{47658935-F5FD-42D0-9D8C-DAB5647DF414}.Debug|Any CPU.ActiveCfg = Debug|Any CPU
		{47658935-F5FD-42D0-9D8C-DAB5647DF414}.Debug|Any CPU.Build.0 = Debug|Any CPU
		{47658935-F5FD-42D0-9D8C-DAB5647DF414}.Release|Any CPU.ActiveCfg = Release|Any CPU
		{47658935-F5FD-42D0-9D8C-DAB5647DF414}.Release|Any CPU.Build.0 = Release|Any CPU
		{9E977E2A-5264-4240-9201-3A81A786F91B}.Debug|Any CPU.ActiveCfg = Debug|Any CPU
		{9E977E2A-5264-4240-9201-3A81A786F91B}.Debug|Any CPU.Build.0 = Debug|Any CPU
		{9E977E2A-5264-4240-9201-3A81A786F91B}.Release|Any CPU.ActiveCfg = Release|Any CPU
		{9E977E2A-5264-4240-9201-3A81A786F91B}.Release|Any CPU.Build.0 = Release|Any CPU
		{77CD5DE9-7BCC-4858-B405-7D69566E609A}.Debug|Any CPU.ActiveCfg = Debug|Any CPU
		{77CD5DE9-7BCC-4858-B405-7D69566E609A}.Debug|Any CPU.Build.0 = Debug|Any CPU
		{77CD5DE9-7BCC-4858-B405-7D69566E609A}.Release|Any CPU.ActiveCfg = Release|Any CPU
		{77CD5DE9-7BCC-4858-B405-7D69566E609A}.Release|Any CPU.Build.0 = Release|Any CPU
		{E44212FE-6C2F-4DD9-AED2-548D6278B2AF}.Debug|Any CPU.ActiveCfg = Debug|Any CPU
		{E44212FE-6C2F-4DD9-AED2-548D6278B2AF}.Debug|Any CPU.Build.0 = Debug|Any CPU
		{E44212FE-6C2F-4DD9-AED2-548D6278B2AF}.Release|Any CPU.ActiveCfg = Release|Any CPU
		{E44212FE-6C2F-4DD9-AED2-548D6278B2AF}.Release|Any CPU.Build.0 = Release|Any CPU
		{EE98B4B6-73FB-4E2B-9930-4276DF8E0AEB}.Debug|Any CPU.ActiveCfg = Debug|Any CPU
		{EE98B4B6-73FB-4E2B-9930-4276DF8E0AEB}.Debug|Any CPU.Build.0 = Debug|Any CPU
		{EE98B4B6-73FB-4E2B-9930-4276DF8E0AEB}.Release|Any CPU.ActiveCfg = Release|Any CPU
		{EE98B4B6-73FB-4E2B-9930-4276DF8E0AEB}.Release|Any CPU.Build.0 = Release|Any CPU
		{2BCF2E15-F184-4276-888A-A59C7486CA41}.Debug|Any CPU.ActiveCfg = Debug|Any CPU
		{2BCF2E15-F184-4276-888A-A59C7486CA41}.Debug|Any CPU.Build.0 = Debug|Any CPU
		{2BCF2E15-F184-4276-888A-A59C7486CA41}.Release|Any CPU.ActiveCfg = Release|Any CPU
		{2BCF2E15-F184-4276-888A-A59C7486CA41}.Release|Any CPU.Build.0 = Release|Any CPU
		{70822D4E-9D31-4B4A-9CF9-1FE738C3CCDC}.Debug|Any CPU.ActiveCfg = Debug|Any CPU
		{70822D4E-9D31-4B4A-9CF9-1FE738C3CCDC}.Debug|Any CPU.Build.0 = Debug|Any CPU
		{70822D4E-9D31-4B4A-9CF9-1FE738C3CCDC}.Release|Any CPU.ActiveCfg = Release|Any CPU
		{70822D4E-9D31-4B4A-9CF9-1FE738C3CCDC}.Release|Any CPU.Build.0 = Release|Any CPU
		{95C35EC8-B2BD-48C8-B9CC-05217CBC872D}.Debug|Any CPU.ActiveCfg = Debug|Any CPU
		{95C35EC8-B2BD-48C8-B9CC-05217CBC872D}.Debug|Any CPU.Build.0 = Debug|Any CPU
		{95C35EC8-B2BD-48C8-B9CC-05217CBC872D}.Release|Any CPU.ActiveCfg = Release|Any CPU
		{95C35EC8-B2BD-48C8-B9CC-05217CBC872D}.Release|Any CPU.Build.0 = Release|Any CPU
		{89131767-CCA1-407C-AC21-A0408AD4501C}.Debug|Any CPU.ActiveCfg = Debug|Any CPU
		{89131767-CCA1-407C-AC21-A0408AD4501C}.Debug|Any CPU.Build.0 = Debug|Any CPU
		{89131767-CCA1-407C-AC21-A0408AD4501C}.Release|Any CPU.ActiveCfg = Release|Any CPU
		{89131767-CCA1-407C-AC21-A0408AD4501C}.Release|Any CPU.Build.0 = Release|Any CPU
		{441CA717-CC04-459A-B94B-3E55EF628B05}.Debug|Any CPU.ActiveCfg = Debug|Any CPU
		{441CA717-CC04-459A-B94B-3E55EF628B05}.Debug|Any CPU.Build.0 = Debug|Any CPU
		{441CA717-CC04-459A-B94B-3E55EF628B05}.Release|Any CPU.ActiveCfg = Release|Any CPU
		{441CA717-CC04-459A-B94B-3E55EF628B05}.Release|Any CPU.Build.0 = Release|Any CPU
	EndGlobalSection
	GlobalSection(NestedProjects) = preSolution
		{D43C695D-B60F-49C3-ACD0-48E98F065FA3} = {3AAE59CB-B9BC-41D0-9710-41739721AA2A}
		{86C94AD5-F375-4D59-8870-849B84A0DF59} = {D43C695D-B60F-49C3-ACD0-48E98F065FA3}
		{CE9E2274-39CD-45B9-AD32-88FF9097CAFB} = {D43C695D-B60F-49C3-ACD0-48E98F065FA3}
		{4CD9A6C8-C1E9-40DC-BA3C-EF851FB725D6} = {D43C695D-B60F-49C3-ACD0-48E98F065FA3}
		{67049526-FDC5-4509-95C9-2C9CF188A0B7} = {D43C695D-B60F-49C3-ACD0-48E98F065FA3}
		{37C9FDC5-2938-47DD-A9E9-657EAF6805CC} = {C9B1000C-B716-4A3D-B19F-80AAFB64023A}
		{773C5881-044F-40E6-81A9-398B2614F0A3} = {37C9FDC5-2938-47DD-A9E9-657EAF6805CC}
		{FEDD6CA2-543E-4F65-953A-4BE48EF0535B} = {37C9FDC5-2938-47DD-A9E9-657EAF6805CC}
		{F7FD67A7-16B2-40B4-A5EB-9B2CD0409BA7} = {3AAE59CB-B9BC-41D0-9710-41739721AA2A}
		{9ED1B7EA-79CC-4B13-B1B9-726C55F0176E} = {3AAE59CB-B9BC-41D0-9710-41739721AA2A}
		{FB488875-6402-4DCF-8B86-1AB06700013C} = {3AAE59CB-B9BC-41D0-9710-41739721AA2A}
		{5E25601B-6C55-48D1-8B3D-D88C757AB063} = {3AAE59CB-B9BC-41D0-9710-41739721AA2A}
		{E2A76FCD-0D92-4975-915C-C6FBED1CD766} = {F7FD67A7-16B2-40B4-A5EB-9B2CD0409BA7}
		{47658935-F5FD-42D0-9D8C-DAB5647DF414} = {F7FD67A7-16B2-40B4-A5EB-9B2CD0409BA7}
		{9E977E2A-5264-4240-9201-3A81A786F91B} = {F7FD67A7-16B2-40B4-A5EB-9B2CD0409BA7}
		{77CD5DE9-7BCC-4858-B405-7D69566E609A} = {F7FD67A7-16B2-40B4-A5EB-9B2CD0409BA7}
		{E44212FE-6C2F-4DD9-AED2-548D6278B2AF} = {5E25601B-6C55-48D1-8B3D-D88C757AB063}
		{EE98B4B6-73FB-4E2B-9930-4276DF8E0AEB} = {C9B1000C-B716-4A3D-B19F-80AAFB64023A}
		{2BCF2E15-F184-4276-888A-A59C7486CA41} = {C9B1000C-B716-4A3D-B19F-80AAFB64023A}
		{70822D4E-9D31-4B4A-9CF9-1FE738C3CCDC} = {9ED1B7EA-79CC-4B13-B1B9-726C55F0176E}
		{95C35EC8-B2BD-48C8-B9CC-05217CBC872D} = {9ED1B7EA-79CC-4B13-B1B9-726C55F0176E}
		{89131767-CCA1-407C-AC21-A0408AD4501C} = {9ED1B7EA-79CC-4B13-B1B9-726C55F0176E}
		{441CA717-CC04-459A-B94B-3E55EF628B05} = {9ED1B7EA-79CC-4B13-B1B9-726C55F0176E}
	EndGlobalSection
EndGlobal
